
Microsoft Visual Studio Solution File, Format Version 12.00
# Visual Studio 15
VisualStudioVersion = 15.0.28307.1401
MinimumVisualStudioVersion = 10.0.40219.1
Project("{FAE04EC0-301F-11D3-BF4B-00C04F79EFBC}") = "diyjwTools", "diyjwTools\diyjwTools.csproj", "{DF2B01C8-91C7-48BF-AEF1-3CEA4A41A9D9}"
EndProject
Project("{FAE04EC0-301F-11D3-BF4B-00C04F79EFBC}") = "diyjwToolsClassLibrary", "diyjwToolsClassLibrary\diyjwToolsClassLibrary.csproj", "{A8F3D416-8F08-49FA-BA9E-67CFDF1F86AB}"
EndProject
Global
	GlobalSection(SolutionConfigurationPlatforms) = preSolution
		Debug|Any CPU = Debug|Any CPU
		Release|Any CPU = Release|Any CPU
	EndGlobalSection
	GlobalSection(ProjectConfigurationPlatforms) = postSolution
		{DF2B01C8-91C7-48BF-AEF1-3CEA4A41A9D9}.Debug|Any CPU.ActiveCfg = Debug|Any CPU
		{DF2B01C8-91C7-48BF-AEF1-3CEA4A41A9D9}.Debug|Any CPU.Build.0 = Debug|Any CPU
		{DF2B01C8-91C7-48BF-AEF1-3CEA4A41A9D9}.Release|Any CPU.ActiveCfg = Release|Any CPU
		{DF2B01C8-91C7-48BF-AEF1-3CEA4A41A9D9}.Release|Any CPU.Build.0 = Release|Any CPU
		{A8F3D416-8F08-49FA-BA9E-67CFDF1F86AB}.Debug|Any CPU.ActiveCfg = Debug|Any CPU
		{A8F3D416-8F08-49FA-BA9E-67CFDF1F86AB}.Debug|Any CPU.Build.0 = Debug|Any CPU
		{A8F3D416-8F08-49FA-BA9E-67CFDF1F86AB}.Release|Any CPU.ActiveCfg = Release|Any CPU
		{A8F3D416-8F08-49FA-BA9E-67CFDF1F86AB}.Release|Any CPU.Build.0 = Release|Any CPU
	EndGlobalSection
	GlobalSection(SolutionProperties) = preSolution
		HideSolutionNode = FALSE
	EndGlobalSection
	GlobalSection(ExtensibilityGlobals) = postSolution
		SolutionGuid = {03BC57F2-E716-448E-864F-DFF1D5A76E20}
	EndGlobalSection
EndGlobal
